
Microsoft Visual Studio Solution File, Format Version 12.00
Project("{FAE04EC0-301F-11D3-BF4B-00C04F79EFBC}") = "Meilidown", "Meilidown\Meilidown.csproj", "{74EBB4EE-055B-4081-975B-C743E3CC5646}"
EndProject
Global
	GlobalSection(SolutionConfigurationPlatforms) = preSolution
		Debug|Any CPU = Debug|Any CPU
		Release|Any CPU = Release|Any CPU
	EndGlobalSection
	GlobalSection(ProjectConfigurationPlatforms) = postSolution
		{74EBB4EE-055B-4081-975B-C743E3CC5646}.Debug|Any CPU.ActiveCfg = Debug|Any CPU
		{74EBB4EE-055B-4081-975B-C743E3CC5646}.Debug|Any CPU.Build.0 = Debug|Any CPU
		{74EBB4EE-055B-4081-975B-C743E3CC5646}.Release|Any CPU.ActiveCfg = Release|Any CPU
		{74EBB4EE-055B-4081-975B-C743E3CC5646}.Release|Any CPU.Build.0 = Release|Any CPU
	EndGlobalSection
EndGlobal
